
Microsoft Visual Studio Solution File, Format Version 12.00
# Visual Studio 15
VisualStudioVersion = 15.0.28307.1231
MinimumVisualStudioVersion = 10.0.40219.1
Project("{2150E333-8FDC-42A3-9474-1A3956D46DE8}") = "00.Client", "00.Client", "{9CD3573C-3ADE-4650-884B-A900B4CB0329}"
EndProject
Project("{2150E333-8FDC-42A3-9474-1A3956D46DE8}") = "01.Engine", "01.Engine", "{56A0FA9A-8184-4397-B831-6B546631EDB6}"
EndProject
Project("{2150E333-8FDC-42A3-9474-1A3956D46DE8}") = "02.Base", "02.Base", "{CDE77ABB-25EF-4E17-8574-77E86ACBF807}"
	ProjectSection(SolutionItems) = preProject
		Base\Base.h = Base\Base.h
		Base\Base.inl = Base\Base.inl
	EndProjectSection
EndProject
Project("{2150E333-8FDC-42A3-9474-1A3956D46DE8}") = "00.System", "00.System", "{FCBDD07C-D62B-4117-AAA1-1DBE2E1CEBE3}"
EndProject
Project("{2150E333-8FDC-42A3-9474-1A3956D46DE8}") = "03.Header", "03.Header", "{E48B9169-60A5-4E29-B985-ADACB25612EC}"
	ProjectSection(SolutionItems) = preProject
		Engine\Header\Engin_Typedef.h = Engine\Header\Engin_Typedef.h
		Engine\Header\Engine_Define.h = Engine\Header\Engine_Define.h
		Engine\Header\Engine_Enum.h = Engine\Header\Engine_Enum.h
		Engine\Header\Engine_Function.h = Engine\Header\Engine_Function.h
		Engine\Header\Engine_Macro.h = Engine\Header\Engine_Macro.h
		Engine\Header\Engine_Struct.h = Engine\Header\Engine_Struct.h
		Engine\Header\Export_Function.h = Engine\Header\Export_Function.h
	EndProjectSection
EndProject
Project("{8BC9CEB8-8B4A-11D0-8D11-00A0C91BC942}") = "System", "Engine\System\Default\System.vcxproj", "{824DF8CA-C719-47A7-917A-6A7C2CC376F8}"
EndProject
Project("{8BC9CEB8-8B4A-11D0-8D11-00A0C91BC942}") = "Client", "Client\Default\Client.vcxproj", "{6086C5A0-B653-4B3A-8F03-BAD9E9134CF9}"
	ProjectSection(ProjectDependencies) = postProject
		{DBCE632D-0FD6-4D2F-89C8-C2270758B94A} = {DBCE632D-0FD6-4D2F-89C8-C2270758B94A}
		{DB560757-52F0-4099-8039-F4A84B8C85FB} = {DB560757-52F0-4099-8039-F4A84B8C85FB}
		{824DF8CA-C719-47A7-917A-6A7C2CC376F8} = {824DF8CA-C719-47A7-917A-6A7C2CC376F8}
	EndProjectSection
EndProject
Project("{2150E333-8FDC-42A3-9474-1A3956D46DE8}") = "01.Resources", "01.Resources", "{FBF5A61A-3C6B-438F-AF8B-A09E63DB55A3}"
EndProject
Project("{8BC9CEB8-8B4A-11D0-8D11-00A0C91BC942}") = "Resources", "Engine\Resources\Default\Resources.vcxproj", "{DBCE632D-0FD6-4D2F-89C8-C2270758B94A}"
EndProject
Project("{2150E333-8FDC-42A3-9474-1A3956D46DE8}") = "02.Utility", "02.Utility", "{841551B5-8A8B-4D8F-84E6-1C3F94E96AE8}"
EndProject
Project("{8BC9CEB8-8B4A-11D0-8D11-00A0C91BC942}") = "Utility", "Engine\Utility\Default\Utility.vcxproj", "{DB560757-52F0-4099-8039-F4A84B8C85FB}"
EndProject
Global
	GlobalSection(SolutionConfigurationPlatforms) = preSolution
		Debug|x64 = Debug|x64
		Debug|x86 = Debug|x86
		Release|x64 = Release|x64
		Release|x86 = Release|x86
	EndGlobalSection
	GlobalSection(ProjectConfigurationPlatforms) = postSolution
		{824DF8CA-C719-47A7-917A-6A7C2CC376F8}.Debug|x64.ActiveCfg = Debug|x64
		{824DF8CA-C719-47A7-917A-6A7C2CC376F8}.Debug|x64.Build.0 = Debug|x64
		{824DF8CA-C719-47A7-917A-6A7C2CC376F8}.Debug|x86.ActiveCfg = Debug|Win32
		{824DF8CA-C719-47A7-917A-6A7C2CC376F8}.Debug|x86.Build.0 = Debug|Win32
		{824DF8CA-C719-47A7-917A-6A7C2CC376F8}.Release|x64.ActiveCfg = Release|x64
		{824DF8CA-C719-47A7-917A-6A7C2CC376F8}.Release|x64.Build.0 = Release|x64
		{824DF8CA-C719-47A7-917A-6A7C2CC376F8}.Release|x86.ActiveCfg = Release|Win32
		{824DF8CA-C719-47A7-917A-6A7C2CC376F8}.Release|x86.Build.0 = Release|Win32
		{6086C5A0-B653-4B3A-8F03-BAD9E9134CF9}.Debug|x64.ActiveCfg = Debug|x64
		{6086C5A0-B653-4B3A-8F03-BAD9E9134CF9}.Debug|x64.Build.0 = Debug|x64
		{6086C5A0-B653-4B3A-8F03-BAD9E9134CF9}.Debug|x86.ActiveCfg = Debug|Win32
		{6086C5A0-B653-4B3A-8F03-BAD9E9134CF9}.Debug|x86.Build.0 = Debug|Win32
		{6086C5A0-B653-4B3A-8F03-BAD9E9134CF9}.Release|x64.ActiveCfg = Release|x64
		{6086C5A0-B653-4B3A-8F03-BAD9E9134CF9}.Release|x64.Build.0 = Release|x64
		{6086C5A0-B653-4B3A-8F03-BAD9E9134CF9}.Release|x86.ActiveCfg = Release|Win32
		{6086C5A0-B653-4B3A-8F03-BAD9E9134CF9}.Release|x86.Build.0 = Release|Win32
		{DBCE632D-0FD6-4D2F-89C8-C2270758B94A}.Debug|x64.ActiveCfg = Debug|x64
		{DBCE632D-0FD6-4D2F-89C8-C2270758B94A}.Debug|x64.Build.0 = Debug|x64
		{DBCE632D-0FD6-4D2F-89C8-C2270758B94A}.Debug|x86.ActiveCfg = Debug|Win32
		{DBCE632D-0FD6-4D2F-89C8-C2270758B94A}.Debug|x86.Build.0 = Debug|Win32
		{DBCE632D-0FD6-4D2F-89C8-C2270758B94A}.Release|x64.ActiveCfg = Release|x64
		{DBCE632D-0FD6-4D2F-89C8-C2270758B94A}.Release|x64.Build.0 = Release|x64
		{DBCE632D-0FD6-4D2F-89C8-C2270758B94A}.Release|x86.ActiveCfg = Release|Win32
		{DBCE632D-0FD6-4D2F-89C8-C2270758B94A}.Release|x86.Build.0 = Release|Win32
		{DB560757-52F0-4099-8039-F4A84B8C85FB}.Debug|x64.ActiveCfg = Debug|x64
		{DB560757-52F0-4099-8039-F4A84B8C85FB}.Debug|x64.Build.0 = Debug|x64
		{DB560757-52F0-4099-8039-F4A84B8C85FB}.Debug|x86.ActiveCfg = Debug|Win32
		{DB560757-52F0-4099-8039-F4A84B8C85FB}.Debug|x86.Build.0 = Debug|Win32
		{DB560757-52F0-4099-8039-F4A84B8C85FB}.Release|x64.ActiveCfg = Release|x64
		{DB560757-52F0-4099-8039-F4A84B8C85FB}.Release|x64.Build.0 = Release|x64
		{DB560757-52F0-4099-8039-F4A84B8C85FB}.Release|x86.ActiveCfg = Release|Win32
		{DB560757-52F0-4099-8039-F4A84B8C85FB}.Release|x86.Build.0 = Release|Win32
	EndGlobalSection
	GlobalSection(SolutionProperties) = preSolution
		HideSolutionNode = FALSE
	EndGlobalSection
	GlobalSection(NestedProjects) = preSolution
		{FCBDD07C-D62B-4117-AAA1-1DBE2E1CEBE3} = {56A0FA9A-8184-4397-B831-6B546631EDB6}
		{E48B9169-60A5-4E29-B985-ADACB25612EC} = {56A0FA9A-8184-4397-B831-6B546631EDB6}
		{824DF8CA-C719-47A7-917A-6A7C2CC376F8} = {FCBDD07C-D62B-4117-AAA1-1DBE2E1CEBE3}
		{6086C5A0-B653-4B3A-8F03-BAD9E9134CF9} = {9CD3573C-3ADE-4650-884B-A900B4CB0329}
		{FBF5A61A-3C6B-438F-AF8B-A09E63DB55A3} = {56A0FA9A-8184-4397-B831-6B546631EDB6}
		{DBCE632D-0FD6-4D2F-89C8-C2270758B94A} = {FBF5A61A-3C6B-438F-AF8B-A09E63DB55A3}
		{841551B5-8A8B-4D8F-84E6-1C3F94E96AE8} = {56A0FA9A-8184-4397-B831-6B546631EDB6}
		{DB560757-52F0-4099-8039-F4A84B8C85FB} = {841551B5-8A8B-4D8F-84E6-1C3F94E96AE8}
	EndGlobalSection
	GlobalSection(ExtensibilityGlobals) = postSolution
		SolutionGuid = {FF2B0280-5066-4477-84D4-537365E81C36}
	EndGlobalSection
EndGlobal
